
Microsoft Visual Studio Solution File, Format Version 12.00
# Visual Studio Version 16
VisualStudioVersion = 16.0.30406.217
MinimumVisualStudioVersion = 10.0.40219.1
Project("{8BC9CEB8-8B4A-11D0-8D11-00A0C91BC942}") = "Burst", "Burst\Burst.vcxproj", "{A856C488-8124-452E-8784-FA27F622D9B1}"
EndProject
Global
	GlobalSection(SolutionConfigurationPlatforms) = preSolution
		Debug|x64 = Debug|x64
		Debug|x86 = Debug|x86
		Release|x64 = Release|x64
		Release|x86 = Release|x86
	EndGlobalSection
	GlobalSection(ProjectConfigurationPlatforms) = postSolution
		{A856C488-8124-452E-8784-FA27F622D9B1}.Debug|x64.ActiveCfg = Debug|x64
		{A856C488-8124-452E-8784-FA27F622D9B1}.Debug|x64.Build.0 = Debug|x64
		{A856C488-8124-452E-8784-FA27F622D9B1}.Debug|x86.ActiveCfg = Debug|Win32
		{A856C488-8124-452E-8784-FA27F622D9B1}.Debug|x86.Build.0 = Debug|Win32
		{A856C488-8124-452E-8784-FA27F622D9B1}.Release|x64.ActiveCfg = Release|x64
		{A856C488-8124-452E-8784-FA27F622D9B1}.Release|x64.Build.0 = Release|x64
		{A856C488-8124-452E-8784-FA27F622D9B1}.Release|x86.ActiveCfg = Release|Win32
		{A856C488-8124-452E-8784-FA27F622D9B1}.Release|x86.Build.0 = Release|Win32
	EndGlobalSection
	GlobalSection(SolutionProperties) = preSolution
		HideSolutionNode = FALSE
	EndGlobalSection
	GlobalSection(ExtensibilityGlobals) = postSolution
		SolutionGuid = {993DBD21-B6BD-454B-A962-5CBE4B60E93F}
	EndGlobalSection
EndGlobal
